
Microsoft Visual Studio Solution File, Format Version 12.00
# Visual Studio Version 16
VisualStudioVersion = 16.0.30330.147
MinimumVisualStudioVersion = 10.0.40219.1
Project("{FAE04EC0-301F-11D3-BF4B-00C04F79EFBC}") = "AzureBookWagon", "AzureBookWagon\AzureBookWagon.csproj", "{19F5237D-5C12-4E56-85EF-18581E7A94C6}"
EndProject
Global
	GlobalSection(SolutionConfigurationPlatforms) = preSolution
		Debug|Any CPU = Debug|Any CPU
		Release|Any CPU = Release|Any CPU
	EndGlobalSection
	GlobalSection(ProjectConfigurationPlatforms) = postSolution
		{19F5237D-5C12-4E56-85EF-18581E7A94C6}.Debug|Any CPU.ActiveCfg = Debug|Any CPU
		{19F5237D-5C12-4E56-85EF-18581E7A94C6}.Debug|Any CPU.Build.0 = Debug|Any CPU
		{19F5237D-5C12-4E56-85EF-18581E7A94C6}.Release|Any CPU.ActiveCfg = Release|Any CPU
		{19F5237D-5C12-4E56-85EF-18581E7A94C6}.Release|Any CPU.Build.0 = Release|Any CPU
	EndGlobalSection
	GlobalSection(SolutionProperties) = preSolution
		HideSolutionNode = FALSE
	EndGlobalSection
	GlobalSection(ExtensibilityGlobals) = postSolution
		SolutionGuid = {50913B01-6C50-42A4-BA9D-DA2F23267C3C}
	EndGlobalSection
EndGlobal
